
Microsoft Visual Studio Solution File, Format Version 12.00
# Visual Studio Version 17
VisualStudioVersion = 17.3.32922.545
MinimumVisualStudioVersion = 10.0.40219.1
Project("{9A19103F-16F7-4668-BE54-9A1E7A4F7556}") = "NasaApp", "NasaApp\NasaApp.csproj", "{1E007013-DA95-4ABD-826B-052DBA2F3715}"
EndProject
Project("{9A19103F-16F7-4668-BE54-9A1E7A4F7556}") = "NasaTest", "NasaTest\NasaTest.csproj", "{CC86AF38-4179-4826-8CC7-5F2CBAA5FAA2}"
EndProject
Project("{FAE04EC0-301F-11D3-BF4B-00C04F79EFBC}") = "NasaLib", "NasaLib\NasaLib.csproj", "{0ACC620D-C24C-4758-8A6C-FFE199AE576A}"
EndProject
Project("{FAE04EC0-301F-11D3-BF4B-00C04F79EFBC}") = "NassaApi", "NassaApi\NassaApi.csproj", "{7B91E10E-AED7-4C95-8C79-F2D436394190}"
EndProject
Global
	GlobalSection(SolutionConfigurationPlatforms) = preSolution
		Debug|Any CPU = Debug|Any CPU
		Release|Any CPU = Release|Any CPU
	EndGlobalSection
	GlobalSection(ProjectConfigurationPlatforms) = postSolution
		{1E007013-DA95-4ABD-826B-052DBA2F3715}.Debug|Any CPU.ActiveCfg = Debug|Any CPU
		{1E007013-DA95-4ABD-826B-052DBA2F3715}.Debug|Any CPU.Build.0 = Debug|Any CPU
		{1E007013-DA95-4ABD-826B-052DBA2F3715}.Release|Any CPU.ActiveCfg = Release|Any CPU
		{1E007013-DA95-4ABD-826B-052DBA2F3715}.Release|Any CPU.Build.0 = Release|Any CPU
		{CC86AF38-4179-4826-8CC7-5F2CBAA5FAA2}.Debug|Any CPU.ActiveCfg = Debug|Any CPU
		{CC86AF38-4179-4826-8CC7-5F2CBAA5FAA2}.Debug|Any CPU.Build.0 = Debug|Any CPU
		{CC86AF38-4179-4826-8CC7-5F2CBAA5FAA2}.Release|Any CPU.ActiveCfg = Release|Any CPU
		{CC86AF38-4179-4826-8CC7-5F2CBAA5FAA2}.Release|Any CPU.Build.0 = Release|Any CPU
		{0ACC620D-C24C-4758-8A6C-FFE199AE576A}.Debug|Any CPU.ActiveCfg = Debug|Any CPU
		{0ACC620D-C24C-4758-8A6C-FFE199AE576A}.Debug|Any CPU.Build.0 = Debug|Any CPU
		{0ACC620D-C24C-4758-8A6C-FFE199AE576A}.Release|Any CPU.ActiveCfg = Release|Any CPU
		{0ACC620D-C24C-4758-8A6C-FFE199AE576A}.Release|Any CPU.Build.0 = Release|Any CPU
		{7B91E10E-AED7-4C95-8C79-F2D436394190}.Debug|Any CPU.ActiveCfg = Debug|Any CPU
		{7B91E10E-AED7-4C95-8C79-F2D436394190}.Debug|Any CPU.Build.0 = Debug|Any CPU
		{7B91E10E-AED7-4C95-8C79-F2D436394190}.Release|Any CPU.ActiveCfg = Release|Any CPU
		{7B91E10E-AED7-4C95-8C79-F2D436394190}.Release|Any CPU.Build.0 = Release|Any CPU
	EndGlobalSection
	GlobalSection(SolutionProperties) = preSolution
		HideSolutionNode = FALSE
	EndGlobalSection
	GlobalSection(ExtensibilityGlobals) = postSolution
		SolutionGuid = {B19541C7-CAC4-432E-8C8A-AB67A778280B}
	EndGlobalSection
EndGlobal
